// !$*UTF8*$!
{
	archiveVersion = 1;
	classes = {
	};
	objectVersion = 56;
	objects = {

/* Begin PBXBuildFile section */
		3A03BF862CE23FF800B76A43 /* Composite.swift in Sources */ = {isa = PBXBuildFile; fileRef = 3A03BF852CE23FF800B76A43 /* Composite.swift */; };
		3A1199D72CD286170010E3AB /* AllPatternsApp.swift in Sources */ = {isa = PBXBuildFile; fileRef = 3A1199D62CD286170010E3AB /* AllPatternsApp.swift */; };
		3A1199D92CD286170010E3AB /* ContentView.swift in Sources */ = {isa = PBXBuildFile; fileRef = 3A1199D82CD286170010E3AB /* ContentView.swift */; };
		3A1199DB2CD286180010E3AB /* Assets.xcassets in Resources */ = {isa = PBXBuildFile; fileRef = 3A1199DA2CD286180010E3AB /* Assets.xcassets */; };
		3A1199DE2CD286180010E3AB /* Preview Assets.xcassets in Resources */ = {isa = PBXBuildFile; fileRef = 3A1199DD2CD286180010E3AB /* Preview Assets.xcassets */; };
		3A1199EC2CD286F30010E3AB /* FactoryMethod.swift in Sources */ = {isa = PBXBuildFile; fileRef = 3A1199EB2CD286F30010E3AB /* FactoryMethod.swift */; };
		3A1199EF2CD28BFC0010E3AB /* DefaultView.swift in Sources */ = {isa = PBXBuildFile; fileRef = 3A1199EE2CD28BFC0010E3AB /* DefaultView.swift */; };
		3A1199F42CD3C0B50010E3AB /* Builder.swift in Sources */ = {isa = PBXBuildFile; fileRef = 3A1199F32CD3C0B50010E3AB /* Builder.swift */; };
		3A1199F62CD3C21C0010E3AB /* BuilderExample.swift in Sources */ = {isa = PBXBuildFile; fileRef = 3A1199F52CD3C21C0010E3AB /* BuilderExample.swift */; };
		3A8FF9992CD9100700BE7D1F /* Prototype.swift in Sources */ = {isa = PBXBuildFile; fileRef = 3A8FF9982CD9100700BE7D1F /* Prototype.swift */; };
		3A8FF99B2CD9108900BE7D1F /* PrototypeSample.swift in Sources */ = {isa = PBXBuildFile; fileRef = 3A8FF99A2CD9108900BE7D1F /* PrototypeSample.swift */; };
		3AB7F0D32CDA44820057A78A /* Singleton.swift in Sources */ = {isa = PBXBuildFile; fileRef = 3AB7F0D22CDA44820057A78A /* Singleton.swift */; };
		3AC227AB2CDDF5AB00CF034C /* Bridge.swift in Sources */ = {isa = PBXBuildFile; fileRef = 3AC227AA2CDDF5AB00CF034C /* Bridge.swift */; };
		3AC227AD2CDDF61E00CF034C /* BridgeSample.swift in Sources */ = {isa = PBXBuildFile; fileRef = 3AC227AC2CDDF61E00CF034C /* BridgeSample.swift */; };
		3AF01EE52CE4E1A600C860B0 /* Decorator.swift in Sources */ = {isa = PBXBuildFile; fileRef = 3AF01EE42CE4E1A600C860B0 /* Decorator.swift */; };
		3AF01EE72CE4E21400C860B0 /* DecoratorSample.swift in Sources */ = {isa = PBXBuildFile; fileRef = 3AF01EE62CE4E21400C860B0 /* DecoratorSample.swift */; };
		3AF01EEA2CE5D53A00C860B0 /* Facade.swift in Sources */ = {isa = PBXBuildFile; fileRef = 3AF01EE92CE5D53A00C860B0 /* Facade.swift */; };
		3AF01EEC2CE5D75200C860B0 /* FacadeSample.swift in Sources */ = {isa = PBXBuildFile; fileRef = 3AF01EEB2CE5D75200C860B0 /* FacadeSample.swift */; };
		3AFB7F912CDCD7E000D96BCC /* Adapter.swift in Sources */ = {isa = PBXBuildFile; fileRef = 3AFB7F902CDCD7E000D96BCC /* Adapter.swift */; };
/* End PBXBuildFile section */

/* Begin PBXFileReference section */
		3A03BF852CE23FF800B76A43 /* Composite.swift */ = {isa = PBXFileReference; lastKnownFileType = sourcecode.swift; path = Composite.swift; sourceTree = "<group>"; };
		3A1199D32CD286170010E3AB /* AllPatterns.app */ = {isa = PBXFileReference; explicitFileType = wrapper.application; includeInIndex = 0; path = AllPatterns.app; sourceTree = BUILT_PRODUCTS_DIR; };
		3A1199D62CD286170010E3AB /* AllPatternsApp.swift */ = {isa = PBXFileReference; lastKnownFileType = sourcecode.swift; path = AllPatternsApp.swift; sourceTree = "<group>"; };
		3A1199D82CD286170010E3AB /* ContentView.swift */ = {isa = PBXFileReference; lastKnownFileType = sourcecode.swift; path = ContentView.swift; sourceTree = "<group>"; };
		3A1199DA2CD286180010E3AB /* Assets.xcassets */ = {isa = PBXFileReference; lastKnownFileType = folder.assetcatalog; path = Assets.xcassets; sourceTree = "<group>"; };
		3A1199DD2CD286180010E3AB /* Preview Assets.xcassets */ = {isa = PBXFileReference; lastKnownFileType = folder.assetcatalog; path = "Preview Assets.xcassets"; sourceTree = "<group>"; };
		3A1199EB2CD286F30010E3AB /* FactoryMethod.swift */ = {isa = PBXFileReference; lastKnownFileType = sourcecode.swift; path = FactoryMethod.swift; sourceTree = "<group>"; };
		3A1199EE2CD28BFC0010E3AB /* DefaultView.swift */ = {isa = PBXFileReference; lastKnownFileType = sourcecode.swift; path = DefaultView.swift; sourceTree = "<group>"; };
		3A1199F32CD3C0B50010E3AB /* Builder.swift */ = {isa = PBXFileReference; lastKnownFileType = sourcecode.swift; path = Builder.swift; sourceTree = "<group>"; };
		3A1199F52CD3C21C0010E3AB /* BuilderExample.swift */ = {isa = PBXFileReference; lastKnownFileType = sourcecode.swift; path = BuilderExample.swift; sourceTree = "<group>"; };
		3A8FF9982CD9100700BE7D1F /* Prototype.swift */ = {isa = PBXFileReference; lastKnownFileType = sourcecode.swift; path = Prototype.swift; sourceTree = "<group>"; };
		3A8FF99A2CD9108900BE7D1F /* PrototypeSample.swift */ = {isa = PBXFileReference; lastKnownFileType = sourcecode.swift; path = PrototypeSample.swift; sourceTree = "<group>"; };
		3AB7F0D22CDA44820057A78A /* Singleton.swift */ = {isa = PBXFileReference; lastKnownFileType = sourcecode.swift; path = Singleton.swift; sourceTree = "<group>"; };
		3AC227AA2CDDF5AB00CF034C /* Bridge.swift */ = {isa = PBXFileReference; lastKnownFileType = sourcecode.swift; path = Bridge.swift; sourceTree = "<group>"; };
		3AC227AC2CDDF61E00CF034C /* BridgeSample.swift */ = {isa = PBXFileReference; lastKnownFileType = sourcecode.swift; path = BridgeSample.swift; sourceTree = "<group>"; };
		3AF01EE42CE4E1A600C860B0 /* Decorator.swift */ = {isa = PBXFileReference; lastKnownFileType = sourcecode.swift; path = Decorator.swift; sourceTree = "<group>"; };
		3AF01EE62CE4E21400C860B0 /* DecoratorSample.swift */ = {isa = PBXFileReference; lastKnownFileType = sourcecode.swift; path = DecoratorSample.swift; sourceTree = "<group>"; };
		3AF01EE92CE5D53A00C860B0 /* Facade.swift */ = {isa = PBXFileReference; lastKnownFileType = sourcecode.swift; path = Facade.swift; sourceTree = "<group>"; };
		3AF01EEB2CE5D75200C860B0 /* FacadeSample.swift */ = {isa = PBXFileReference; lastKnownFileType = sourcecode.swift; path = FacadeSample.swift; sourceTree = "<group>"; };
		3AFB7F902CDCD7E000D96BCC /* Adapter.swift */ = {isa = PBXFileReference; lastKnownFileType = sourcecode.swift; path = Adapter.swift; sourceTree = "<group>"; };
/* End PBXFileReference section */

/* Begin PBXFrameworksBuildPhase section */
		3A1199D02CD286170010E3AB /* Frameworks */ = {
			isa = PBXFrameworksBuildPhase;
			buildActionMask = 2147483647;
			files = (
			);
			runOnlyForDeploymentPostprocessing = 0;
		};
/* End PBXFrameworksBuildPhase section */

/* Begin PBXGroup section */
		3A03BF842CE23FF000B76A43 /* Composite */ = {
			isa = PBXGroup;
			children = (
				3A03BF852CE23FF800B76A43 /* Composite.swift */,
			);
			path = Composite;
			sourceTree = "<group>";
		};
		3A1199CA2CD286170010E3AB = {
			isa = PBXGroup;
			children = (
				3A1199D52CD286170010E3AB /* AllPatterns */,
				3A1199D42CD286170010E3AB /* Products */,
			);
			sourceTree = "<group>";
		};
		3A1199D42CD286170010E3AB /* Products */ = {
			isa = PBXGroup;
			children = (
				3A1199D32CD286170010E3AB /* AllPatterns.app */,
			);
			name = Products;
			sourceTree = "<group>";
		};
		3A1199D52CD286170010E3AB /* AllPatterns */ = {
			isa = PBXGroup;
			children = (
				3A1199E52CD2862D0010E3AB /* Resources */,
				3A1199E42CD286230010E3AB /* Source */,
				3A1199DC2CD286180010E3AB /* Preview Content */,
			);
			path = AllPatterns;
			sourceTree = "<group>";
		};
		3A1199DC2CD286180010E3AB /* Preview Content */ = {
			isa = PBXGroup;
			children = (
				3A1199DD2CD286180010E3AB /* Preview Assets.xcassets */,
			);
			path = "Preview Content";
			sourceTree = "<group>";
		};
		3A1199E42CD286230010E3AB /* Source */ = {
			isa = PBXGroup;
			children = (
				3A1199ED2CD28BF10010E3AB /* Common */,
				3A1199E72CD286440010E3AB /* Patterns */,
				3A1199E62CD2863D0010E3AB /* Core */,
			);
			path = Source;
			sourceTree = "<group>";
		};
		3A1199E52CD2862D0010E3AB /* Resources */ = {
			isa = PBXGroup;
			children = (
				3A1199DA2CD286180010E3AB /* Assets.xcassets */,
			);
			path = Resources;
			sourceTree = "<group>";
		};
		3A1199E62CD2863D0010E3AB /* Core */ = {
			isa = PBXGroup;
			children = (
				3A1199D62CD286170010E3AB /* AllPatternsApp.swift */,
				3A1199D82CD286170010E3AB /* ContentView.swift */,
			);
			path = Core;
			sourceTree = "<group>";
		};
		3A1199E72CD286440010E3AB /* Patterns */ = {
			isa = PBXGroup;
			children = (
				3AFB7F8E2CDCD7CB00D96BCC /* Structure */,
				3A1199E82CD286570010E3AB /* Creational */,
			);
			path = Patterns;
			sourceTree = "<group>";
		};
		3A1199E82CD286570010E3AB /* Creational */ = {
			isa = PBXGroup;
			children = (
				3AB7F0D12CDA44750057A78A /* Singleton */,
				3A8FF9972CD90FFF00BE7D1F /* Prototype */,
				3A1199F22CD3C0AC0010E3AB /* Builder */,
				3A1199EA2CD286DC0010E3AB /* FactoryMethod */,
			);
			path = Creational;
			sourceTree = "<group>";
		};
		3A1199EA2CD286DC0010E3AB /* FactoryMethod */ = {
			isa = PBXGroup;
			children = (
				3A1199EB2CD286F30010E3AB /* FactoryMethod.swift */,
			);
			path = FactoryMethod;
			sourceTree = "<group>";
		};
		3A1199ED2CD28BF10010E3AB /* Common */ = {
			isa = PBXGroup;
			children = (
				3A1199EE2CD28BFC0010E3AB /* DefaultView.swift */,
			);
			path = Common;
			sourceTree = "<group>";
		};
		3A1199F22CD3C0AC0010E3AB /* Builder */ = {
			isa = PBXGroup;
			children = (
				3A1199F32CD3C0B50010E3AB /* Builder.swift */,
				3A1199F52CD3C21C0010E3AB /* BuilderExample.swift */,
			);
			path = Builder;
			sourceTree = "<group>";
		};
		3A8FF9972CD90FFF00BE7D1F /* Prototype */ = {
			isa = PBXGroup;
			children = (
				3A8FF9982CD9100700BE7D1F /* Prototype.swift */,
				3A8FF99A2CD9108900BE7D1F /* PrototypeSample.swift */,
			);
			path = Prototype;
			sourceTree = "<group>";
		};
		3AB7F0D12CDA44750057A78A /* Singleton */ = {
			isa = PBXGroup;
			children = (
				3AB7F0D22CDA44820057A78A /* Singleton.swift */,
			);
			path = Singleton;
			sourceTree = "<group>";
		};
		3AC227A92CDDF59F00CF034C /* Bridge */ = {
			isa = PBXGroup;
			children = (
				3AC227AA2CDDF5AB00CF034C /* Bridge.swift */,
				3AC227AC2CDDF61E00CF034C /* BridgeSample.swift */,
			);
			path = Bridge;
			sourceTree = "<group>";
		};
		3AF01EE32CE4E19C00C860B0 /* Decorator */ = {
			isa = PBXGroup;
			children = (
				3AF01EE42CE4E1A600C860B0 /* Decorator.swift */,
				3AF01EE62CE4E21400C860B0 /* DecoratorSample.swift */,
			);
			path = Decorator;
			sourceTree = "<group>";
		};
		3AF01EE82CE5D53200C860B0 /* Facade */ = {
			isa = PBXGroup;
			children = (
				3AF01EE92CE5D53A00C860B0 /* Facade.swift */,
				3AF01EEB2CE5D75200C860B0 /* FacadeSample.swift */,
			);
			path = Facade;
			sourceTree = "<group>";
		};
		3AFB7F8E2CDCD7CB00D96BCC /* Structure */ = {
			isa = PBXGroup;
			children = (
				3AF01EE82CE5D53200C860B0 /* Facade */,
				3AF01EE32CE4E19C00C860B0 /* Decorator */,
				3A03BF842CE23FF000B76A43 /* Composite */,
				3AC227A92CDDF59F00CF034C /* Bridge */,
				3AFB7F8F2CDCD7D700D96BCC /* Adapter */,
			);
			path = Structure;
			sourceTree = "<group>";
		};
		3AFB7F8F2CDCD7D700D96BCC /* Adapter */ = {
			isa = PBXGroup;
			children = (
				3AFB7F902CDCD7E000D96BCC /* Adapter.swift */,
			);
			path = Adapter;
			sourceTree = "<group>";
		};
/* End PBXGroup section */

/* Begin PBXNativeTarget section */
		3A1199D22CD286170010E3AB /* AllPatterns */ = {
			isa = PBXNativeTarget;
			buildConfigurationList = 3A1199E12CD286180010E3AB /* Build configuration list for PBXNativeTarget "AllPatterns" */;
			buildPhases = (
				3A1199CF2CD286170010E3AB /* Sources */,
				3A1199D02CD286170010E3AB /* Frameworks */,
				3A1199D12CD286170010E3AB /* Resources */,
			);
			buildRules = (
			);
			dependencies = (
			);
			name = AllPatterns;
			productName = AllPatterns;
			productReference = 3A1199D32CD286170010E3AB /* AllPatterns.app */;
			productType = "com.apple.product-type.application";
		};
/* End PBXNativeTarget section */

/* Begin PBXProject section */
		3A1199CB2CD286170010E3AB /* Project object */ = {
			isa = PBXProject;
			attributes = {
				BuildIndependentTargetsInParallel = 1;
				LastSwiftUpdateCheck = 1520;
				LastUpgradeCheck = 1520;
				TargetAttributes = {
					3A1199D22CD286170010E3AB = {
						CreatedOnToolsVersion = 15.2;
					};
				};
			};
			buildConfigurationList = 3A1199CE2CD286170010E3AB /* Build configuration list for PBXProject "AllPatterns" */;
			compatibilityVersion = "Xcode 14.0";
			developmentRegion = en;
			hasScannedForEncodings = 0;
			knownRegions = (
				en,
				Base,
			);
			mainGroup = 3A1199CA2CD286170010E3AB;
			productRefGroup = 3A1199D42CD286170010E3AB /* Products */;
			projectDirPath = "";
			projectRoot = "";
			targets = (
				3A1199D22CD286170010E3AB /* AllPatterns */,
			);
		};
/* End PBXProject section */

/* Begin PBXResourcesBuildPhase section */
		3A1199D12CD286170010E3AB /* Resources */ = {
			isa = PBXResourcesBuildPhase;
			buildActionMask = 2147483647;
			files = (
				3A1199DE2CD286180010E3AB /* Preview Assets.xcassets in Resources */,
				3A1199DB2CD286180010E3AB /* Assets.xcassets in Resources */,
			);
			runOnlyForDeploymentPostprocessing = 0;
		};
/* End PBXResourcesBuildPhase section */

/* Begin PBXSourcesBuildPhase section */
		3A1199CF2CD286170010E3AB /* Sources */ = {
			isa = PBXSourcesBuildPhase;
			buildActionMask = 2147483647;
			files = (
				3A8FF99B2CD9108900BE7D1F /* PrototypeSample.swift in Sources */,
				3AC227AB2CDDF5AB00CF034C /* Bridge.swift in Sources */,
				3AF01EE72CE4E21400C860B0 /* DecoratorSample.swift in Sources */,
				3AB7F0D32CDA44820057A78A /* Singleton.swift in Sources */,
				3A1199F62CD3C21C0010E3AB /* BuilderExample.swift in Sources */,
				3AFB7F912CDCD7E000D96BCC /* Adapter.swift in Sources */,
				3A1199EF2CD28BFC0010E3AB /* DefaultView.swift in Sources */,
				3A03BF862CE23FF800B76A43 /* Composite.swift in Sources */,
				3A8FF9992CD9100700BE7D1F /* Prototype.swift in Sources */,
				3A1199EC2CD286F30010E3AB /* FactoryMethod.swift in Sources */,
				3AC227AD2CDDF61E00CF034C /* BridgeSample.swift in Sources */,
				3AF01EEA2CE5D53A00C860B0 /* Facade.swift in Sources */,
				3A1199D92CD286170010E3AB /* ContentView.swift in Sources */,
				3AF01EEC2CE5D75200C860B0 /* FacadeSample.swift in Sources */,
				3A1199D72CD286170010E3AB /* AllPatternsApp.swift in Sources */,
				3A1199F42CD3C0B50010E3AB /* Builder.swift in Sources */,
				3AF01EE52CE4E1A600C860B0 /* Decorator.swift in Sources */,
			);
			runOnlyForDeploymentPostprocessing = 0;
		};
/* End PBXSourcesBuildPhase section */

/* Begin XCBuildConfiguration section */
		3A1199DF2CD286180010E3AB /* Debug */ = {
			isa = XCBuildConfiguration;
			buildSettings = {
				ALWAYS_SEARCH_USER_PATHS = NO;
				ASSETCATALOG_COMPILER_GENERATE_SWIFT_ASSET_SYMBOL_EXTENSIONS = YES;
				CLANG_ANALYZER_NONNULL = YES;
				CLANG_ANALYZER_NUMBER_OBJECT_CONVERSION = YES_AGGRESSIVE;
				CLANG_CXX_LANGUAGE_STANDARD = "gnu++20";
				CLANG_ENABLE_MODULES = YES;
				CLANG_ENABLE_OBJC_ARC = YES;
				CLANG_ENABLE_OBJC_WEAK = YES;
				CLANG_WARN_BLOCK_CAPTURE_AUTORELEASING = YES;
				CLANG_WARN_BOOL_CONVERSION = YES;
				CLANG_WARN_COMMA = YES;
				CLANG_WARN_CONSTANT_CONVERSION = YES;
				CLANG_WARN_DEPRECATED_OBJC_IMPLEMENTATIONS = YES;
				CLANG_WARN_DIRECT_OBJC_ISA_USAGE = YES_ERROR;
				CLANG_WARN_DOCUMENTATION_COMMENTS = YES;
				CLANG_WARN_EMPTY_BODY = YES;
				CLANG_WARN_ENUM_CONVERSION = YES;
				CLANG_WARN_INFINITE_RECURSION = YES;
				CLANG_WARN_INT_CONVERSION = YES;
				CLANG_WARN_NON_LITERAL_NULL_CONVERSION = YES;
				CLANG_WARN_OBJC_IMPLICIT_RETAIN_SELF = YES;
				CLANG_WARN_OBJC_LITERAL_CONVERSION = YES;
				CLANG_WARN_OBJC_ROOT_CLASS = YES_ERROR;
				CLANG_WARN_QUOTED_INCLUDE_IN_FRAMEWORK_HEADER = YES;
				CLANG_WARN_RANGE_LOOP_ANALYSIS = YES;
				CLANG_WARN_STRICT_PROTOTYPES = YES;
				CLANG_WARN_SUSPICIOUS_MOVE = YES;
				CLANG_WARN_UNGUARDED_AVAILABILITY = YES_AGGRESSIVE;
				CLANG_WARN_UNREACHABLE_CODE = YES;
				CLANG_WARN__DUPLICATE_METHOD_MATCH = YES;
				COPY_PHASE_STRIP = NO;
				DEBUG_INFORMATION_FORMAT = dwarf;
				ENABLE_STRICT_OBJC_MSGSEND = YES;
				ENABLE_TESTABILITY = YES;
				ENABLE_TESTING_SEARCH_PATHS = YES;
				ENABLE_USER_SCRIPT_SANDBOXING = YES;
				GCC_C_LANGUAGE_STANDARD = gnu17;
				GCC_DYNAMIC_NO_PIC = NO;
				GCC_NO_COMMON_BLOCKS = YES;
				GCC_OPTIMIZATION_LEVEL = 0;
				GCC_PREPROCESSOR_DEFINITIONS = (
					"DEBUG=1",
					"$(inherited)",
				);
				GCC_WARN_64_TO_32_BIT_CONVERSION = YES;
				GCC_WARN_ABOUT_RETURN_TYPE = YES_ERROR;
				GCC_WARN_UNDECLARED_SELECTOR = YES;
				GCC_WARN_UNINITIALIZED_AUTOS = YES_AGGRESSIVE;
				GCC_WARN_UNUSED_FUNCTION = YES;
				GCC_WARN_UNUSED_VARIABLE = YES;
				IPHONEOS_DEPLOYMENT_TARGET = 17.2;
				LOCALIZATION_PREFERS_STRING_CATALOGS = YES;
				MTL_ENABLE_DEBUG_INFO = INCLUDE_SOURCE;
				MTL_FAST_MATH = YES;
				ONLY_ACTIVE_ARCH = YES;
				SDKROOT = iphoneos;
				SWIFT_ACTIVE_COMPILATION_CONDITIONS = "DEBUG $(inherited)";
				SWIFT_OPTIMIZATION_LEVEL = "-Onone";
			};
			name = Debug;
		};
		3A1199E02CD286180010E3AB /* Release */ = {
			isa = XCBuildConfiguration;
			buildSettings = {
				ALWAYS_SEARCH_USER_PATHS = NO;
				ASSETCATALOG_COMPILER_GENERATE_SWIFT_ASSET_SYMBOL_EXTENSIONS = YES;
				CLANG_ANALYZER_NONNULL = YES;
				CLANG_ANALYZER_NUMBER_OBJECT_CONVERSION = YES_AGGRESSIVE;
				CLANG_CXX_LANGUAGE_STANDARD = "gnu++20";
				CLANG_ENABLE_MODULES = YES;
				CLANG_ENABLE_OBJC_ARC = YES;
				CLANG_ENABLE_OBJC_WEAK = YES;
				CLANG_WARN_BLOCK_CAPTURE_AUTORELEASING = YES;
				CLANG_WARN_BOOL_CONVERSION = YES;
				CLANG_WARN_COMMA = YES;
				CLANG_WARN_CONSTANT_CONVERSION = YES;
				CLANG_WARN_DEPRECATED_OBJC_IMPLEMENTATIONS = YES;
				CLANG_WARN_DIRECT_OBJC_ISA_USAGE = YES_ERROR;
				CLANG_WARN_DOCUMENTATION_COMMENTS = YES;
				CLANG_WARN_EMPTY_BODY = YES;
				CLANG_WARN_ENUM_CONVERSION = YES;
				CLANG_WARN_INFINITE_RECURSION = YES;
				CLANG_WARN_INT_CONVERSION = YES;
				CLANG_WARN_NON_LITERAL_NULL_CONVERSION = YES;
				CLANG_WARN_OBJC_IMPLICIT_RETAIN_SELF = YES;
				CLANG_WARN_OBJC_LITERAL_CONVERSION = YES;
				CLANG_WARN_OBJC_ROOT_CLASS = YES_ERROR;
				CLANG_WARN_QUOTED_INCLUDE_IN_FRAMEWORK_HEADER = YES;
				CLANG_WARN_RANGE_LOOP_ANALYSIS = YES;
				CLANG_WARN_STRICT_PROTOTYPES = YES;
				CLANG_WARN_SUSPICIOUS_MOVE = YES;
				CLANG_WARN_UNGUARDED_AVAILABILITY = YES_AGGRESSIVE;
				CLANG_WARN_UNREACHABLE_CODE = YES;
				CLANG_WARN__DUPLICATE_METHOD_MATCH = YES;
				COPY_PHASE_STRIP = NO;
				DEBUG_INFORMATION_FORMAT = "dwarf-with-dsym";
				ENABLE_NS_ASSERTIONS = NO;
				ENABLE_STRICT_OBJC_MSGSEND = YES;
				ENABLE_TESTING_SEARCH_PATHS = YES;
				ENABLE_USER_SCRIPT_SANDBOXING = YES;
				GCC_C_LANGUAGE_STANDARD = gnu17;
				GCC_NO_COMMON_BLOCKS = YES;
				GCC_WARN_64_TO_32_BIT_CONVERSION = YES;
				GCC_WARN_ABOUT_RETURN_TYPE = YES_ERROR;
				GCC_WARN_UNDECLARED_SELECTOR = YES;
				GCC_WARN_UNINITIALIZED_AUTOS = YES_AGGRESSIVE;
				GCC_WARN_UNUSED_FUNCTION = YES;
				GCC_WARN_UNUSED_VARIABLE = YES;
				IPHONEOS_DEPLOYMENT_TARGET = 17.2;
				LOCALIZATION_PREFERS_STRING_CATALOGS = YES;
				MTL_ENABLE_DEBUG_INFO = NO;
				MTL_FAST_MATH = YES;
				SDKROOT = iphoneos;
				SWIFT_COMPILATION_MODE = wholemodule;
				VALIDATE_PRODUCT = YES;
			};
			name = Release;
		};
		3A1199E22CD286180010E3AB /* Debug */ = {
			isa = XCBuildConfiguration;
			buildSettings = {
				ASSETCATALOG_COMPILER_APPICON_NAME = AppIcon;
				ASSETCATALOG_COMPILER_GLOBAL_ACCENT_COLOR_NAME = AccentColor;
				CODE_SIGN_STYLE = Automatic;
				CURRENT_PROJECT_VERSION = 1;
				DEVELOPMENT_ASSET_PATHS = "\"AllPatterns/Preview Content\"";
				DEVELOPMENT_TEAM = 333J2S2AQK;
				ENABLE_PREVIEWS = YES;
				GENERATE_INFOPLIST_FILE = YES;
				INFOPLIST_KEY_UIApplicationSceneManifest_Generation = YES;
				INFOPLIST_KEY_UIApplicationSupportsIndirectInputEvents = YES;
				INFOPLIST_KEY_UILaunchScreen_Generation = YES;
				INFOPLIST_KEY_UISupportedInterfaceOrientations_iPad = "UIInterfaceOrientationPortrait UIInterfaceOrientationPortraitUpsideDown UIInterfaceOrientationLandscapeLeft UIInterfaceOrientationLandscapeRight";
				INFOPLIST_KEY_UISupportedInterfaceOrientations_iPhone = "UIInterfaceOrientationPortrait UIInterfaceOrientationLandscapeLeft UIInterfaceOrientationLandscapeRight";
				LD_RUNPATH_SEARCH_PATHS = (
					"$(inherited)",
					"@executable_path/Frameworks",
				);
				MARKETING_VERSION = 1.0;
				PRODUCT_BUNDLE_IDENTIFIER = com.austin.AllPatterns;
				PRODUCT_NAME = "$(TARGET_NAME)";
				SWIFT_EMIT_LOC_STRINGS = YES;
				SWIFT_VERSION = 5.0;
				TARGETED_DEVICE_FAMILY = "1,2";
			};
			name = Debug;
		};
		3A1199E32CD286180010E3AB /* Release */ = {
			isa = XCBuildConfiguration;
			buildSettings = {
				ASSETCATALOG_COMPILER_APPICON_NAME = AppIcon;
				ASSETCATALOG_COMPILER_GLOBAL_ACCENT_COLOR_NAME = AccentColor;
				CODE_SIGN_STYLE = Automatic;
				CURRENT_PROJECT_VERSION = 1;
				DEVELOPMENT_ASSET_PATHS = "\"AllPatterns/Preview Content\"";
				DEVELOPMENT_TEAM = 333J2S2AQK;
				ENABLE_PREVIEWS = YES;
				GENERATE_INFOPLIST_FILE = YES;
				INFOPLIST_KEY_UIApplicationSceneManifest_Generation = YES;
				INFOPLIST_KEY_UIApplicationSupportsIndirectInputEvents = YES;
				INFOPLIST_KEY_UILaunchScreen_Generation = YES;
				INFOPLIST_KEY_UISupportedInterfaceOrientations_iPad = "UIInterfaceOrientationPortrait UIInterfaceOrientationPortraitUpsideDown UIInterfaceOrientationLandscapeLeft UIInterfaceOrientationLandscapeRight";
				INFOPLIST_KEY_UISupportedInterfaceOrientations_iPhone = "UIInterfaceOrientationPortrait UIInterfaceOrientationLandscapeLeft UIInterfaceOrientationLandscapeRight";
				LD_RUNPATH_SEARCH_PATHS = (
					"$(inherited)",
					"@executable_path/Frameworks",
				);
				MARKETING_VERSION = 1.0;
				PRODUCT_BUNDLE_IDENTIFIER = com.austin.AllPatterns;
				PRODUCT_NAME = "$(TARGET_NAME)";
				SWIFT_EMIT_LOC_STRINGS = YES;
				SWIFT_VERSION = 5.0;
				TARGETED_DEVICE_FAMILY = "1,2";
			};
			name = Release;
		};
/* End XCBuildConfiguration section */

/* Begin XCConfigurationList section */
		3A1199CE2CD286170010E3AB /* Build configuration list for PBXProject "AllPatterns" */ = {
			isa = XCConfigurationList;
			buildConfigurations = (
				3A1199DF2CD286180010E3AB /* Debug */,
				3A1199E02CD286180010E3AB /* Release */,
			);
			defaultConfigurationIsVisible = 0;
			defaultConfigurationName = Release;
		};
		3A1199E12CD286180010E3AB /* Build configuration list for PBXNativeTarget "AllPatterns" */ = {
			isa = XCConfigurationList;
			buildConfigurations = (
				3A1199E22CD286180010E3AB /* Debug */,
				3A1199E32CD286180010E3AB /* Release */,
			);
			defaultConfigurationIsVisible = 0;
			defaultConfigurationName = Release;
		};
/* End XCConfigurationList section */
	};
	rootObject = 3A1199CB2CD286170010E3AB /* Project object */;
}
